
Microsoft Visual Studio Solution File, Format Version 12.00
# Visual Studio 2013
VisualStudioVersion = 12.0.31101.0
MinimumVisualStudioVersion = 10.0.40219.1
Project("{FAE04EC0-301F-11D3-BF4B-00C04F79EFBC}") = "PathPiper", "PathPiper\PathPiper.csproj", "{133C0482-4F05-4287-9A62-E05936D53827}"
EndProject
Project("{FAE04EC0-301F-11D3-BF4B-00C04F79EFBC}") = "PathPiper.Tests", "PathPiper.Tests\PathPiper.Tests.csproj", "{E1DE4AAF-84C3-4326-ADB2-AFD6451807E6}"
EndProject
Global
	GlobalSection(SolutionConfigurationPlatforms) = preSolution
		Debug|Any CPU = Debug|Any CPU
		Release|Any CPU = Release|Any CPU
	EndGlobalSection
	GlobalSection(ProjectConfigurationPlatforms) = postSolution
		{133C0482-4F05-4287-9A62-E05936D53827}.Debug|Any CPU.ActiveCfg = Debug|Any CPU
		{133C0482-4F05-4287-9A62-E05936D53827}.Debug|Any CPU.Build.0 = Debug|Any CPU
		{133C0482-4F05-4287-9A62-E05936D53827}.Release|Any CPU.ActiveCfg = Release|Any CPU
		{133C0482-4F05-4287-9A62-E05936D53827}.Release|Any CPU.Build.0 = Release|Any CPU
		{E1DE4AAF-84C3-4326-ADB2-AFD6451807E6}.Debug|Any CPU.ActiveCfg = Debug|Any CPU
		{E1DE4AAF-84C3-4326-ADB2-AFD6451807E6}.Debug|Any CPU.Build.0 = Debug|Any CPU
		{E1DE4AAF-84C3-4326-ADB2-AFD6451807E6}.Release|Any CPU.ActiveCfg = Release|Any CPU
		{E1DE4AAF-84C3-4326-ADB2-AFD6451807E6}.Release|Any CPU.Build.0 = Release|Any CPU
	EndGlobalSection
	GlobalSection(SolutionProperties) = preSolution
		HideSolutionNode = FALSE
	EndGlobalSection
EndGlobal
